<?xml version="1.0" encoding="utf-8"?>
<Project ToolsVersion="4.0" xmlns="http://schemas.microsoft.com/developer/msbuild/2003">
  <ItemGroup>
    <Filter Include="Source Files">
      <UniqueIdentifier>{4FC737F1-C7A5-4376-A066-2A32D752A2FF}</UniqueIdentifier>
      <Extensions>cpp;c;cc;cxx;def;odl;idl;hpj;bat;asm;asmx</Extensions>
    </Filter>
    <Filter Include="Header Files">
      <UniqueIdentifier>{93995380-89BD-4b04-88EB-625FBE52EBFB}</UniqueIdentifier>
      <Extensions>h;hh;hpp;hxx;hm;inl;inc;xsd</Extensions>
    </Filter>
    <Filter Include="Resource Files">
      <UniqueIdentifier>{67DA6AB6-F800-4c08-8B7A-83BB121AAD01}</UniqueIdentifier>
      <Extensions>rc;ico;cur;bmp;dlg;rc2;rct;bin;rgs;gif;jpg;jpeg;jpe;resx;tiff;tif;png;wav;mfcribbon-ms</Extensions>
    </Filter>
  </ItemGroup>
  <ItemGroup>
    <ClCompile Include="HammingDistance.cpp">
      <Filter>Source Files</Filter>
    </ClCompile>
    <ClCompile Include="MergeTwoBinaryTrees.cpp">
      <Filter>Source Files</Filter>
    </ClCompile>
    <ClCompile Include="Numberof1Bits.cpp">
      <Filter>Source Files</Filter>
    </ClCompile>
    <ClCompile Include="TotalHammingDistance.cpp">
      <Filter>Source Files</Filter>
    </ClCompile>
    <ClCompile Include="ReverseBits.cpp">
      <Filter>Source Files</Filter>
    </ClCompile>
    <ClCompile Include="PowerofTwo.cpp">
      <Filter>Source Files</Filter>
    </ClCompile>
    <ClCompile Include="CountingBits.cpp">
      <Filter>Source Files</Filter>
    </ClCompile>
    <ClCompile Include="BinaryWatch.cpp">
      <Filter>Source Files</Filter>
    </ClCompile>
    <ClCompile Include="PowerofFour.cpp">
      <Filter>Source Files</Filter>
    </ClCompile>
    <ClCompile Include="PowerofThree.cpp">
      <Filter>Source Files</Filter>
    </ClCompile>
    <ClCompile Include="ArrayPartitionI.cpp">
      <Filter>Source Files</Filter>
    </ClCompile>
    <ClCompile Include="DeleteNodeinaLinkedList.cpp">
      <Filter>Source Files</Filter>
    </ClCompile>
    <ClCompile Include="AddTwoNumbers.cpp">
      <Filter>Source Files</Filter>
    </ClCompile>
    <ClCompile Include="AddTwoNumbersII.cpp">
      <Filter>Source Files</Filter>
    </ClCompile>
    <ClCompile Include="ReverseLinkedList.cpp">
      <Filter>Source Files</Filter>
    </ClCompile>
    <ClCompile Include="RemoveLinkeListElements.cpp">
      <Filter>Source Files</Filter>
    </ClCompile>
    <ClCompile Include="RemoveDuplicatesfromSortedList.cpp">
      <Filter>Source Files</Filter>
    </ClCompile>
    <ClCompile Include="MergeTwoSortedLists.cpp">
      <Filter>Source Files</Filter>
    </ClCompile>
    <ClCompile Include="PalindromeLinkedList.cpp">
      <Filter>Source Files</Filter>
    </ClCompile>
    <ClCompile Include="LinkedListCycle.cpp">
      <Filter>Source Files</Filter>
    </ClCompile>
    <ClCompile Include="IntersectionofTwoLinkedLists.cpp">
      <Filter>Source Files</Filter>
    </ClCompile>
    <ClCompile Include="RemoveDuplicatesfromSortedListII.cpp">
      <Filter>Source Files</Filter>
    </ClCompile>
    <ClCompile Include="ReverseLinkedListII.cpp">
      <Filter>Source Files</Filter>
    </ClCompile>
    <ClCompile Include="PartitionList.cpp">
      <Filter>Source Files</Filter>
    </ClCompile>
    <ClCompile Include="ConvertSortedArraytoBinarySearchTree.cpp">
      <Filter>Source Files</Filter>
    </ClCompile>
    <ClCompile Include="ConvertSortedListtoBinarySearchTree.cpp">
      <Filter>Source Files</Filter>
    </ClCompile>
    <ClCompile Include="CopyListwithRandomPointer.cpp">
      <Filter>Source Files</Filter>
    </ClCompile>
    <ClCompile Include="TwoSum.cpp">
      <Filter>Source Files</Filter>
    </ClCompile>
    <ClCompile Include="InsertionSortList.cpp">
      <Filter>Source Files</Filter>
    </ClCompile>
    <ClCompile Include="LinkedListCycleII.cpp">
      <Filter>Source Files</Filter>
    </ClCompile>
    <ClCompile Include="MergekSortedLists.cpp">
      <Filter>Source Files</Filter>
    </ClCompile>
    <ClCompile Include="OddEvenLinkedList.cpp">
      <Filter>Source Files</Filter>
    </ClCompile>
    <ClCompile Include="RemoveNthNodeFromEndofList.cpp">
      <Filter>Source Files</Filter>
    </ClCompile>
    <ClCompile Include="ReorderList.cpp">
      <Filter>Source Files</Filter>
    </ClCompile>
    <ClCompile Include="ReverseNodesink_Group.cpp">
      <Filter>Source Files</Filter>
    </ClCompile>
    <ClCompile Include="RotateList.cpp">
      <Filter>Source Files</Filter>
    </ClCompile>
    <ClCompile Include="SortList.cpp">
      <Filter>Source Files</Filter>
    </ClCompile>
    <ClCompile Include="SwapNodesinPairs.cpp">
      <Filter>Source Files</Filter>
    </ClCompile>
    <ClCompile Include="ReshapetheMatrix.cpp">
      <Filter>Source Files</Filter>
    </ClCompile>
    <ClCompile Include="MaxConsecutiveOnes.cpp">
      <Filter>Source Files</Filter>
    </ClCompile>
    <ClCompile Include="TeemoAttacking.cpp">
      <Filter>Source Files</Filter>
    </ClCompile>
    <ClCompile Include="ArrayNesting.cpp">
      <Filter>Source Files</Filter>
    </ClCompile>
    <ClCompile Include="MoveZeroes.cpp">
      <Filter>Source Files</Filter>
    </ClCompile>
    <ClCompile Include="ProductofArrayExceptSelf.cpp">
      <Filter>Source Files</Filter>
    </ClCompile>
    <ClCompile Include="TwoSumII_Inputarrayissorted.cpp">
      <Filter>Source Files</Filter>
    </ClCompile>
    <ClCompile Include="Triangle.cpp">
      <Filter>Source Files</Filter>
    </ClCompile>
    <ClCompile Include="MajorityElement.cpp">
      <Filter>Source Files</Filter>
    </ClCompile>
    <ClCompile Include="BestTimetoBuyandSellStockII.cpp">
      <Filter>Source Files</Filter>
    </ClCompile>
    <ClCompile Include="MaximumProductofThreeNumbers.cpp">
      <Filter>Source Files</Filter>
    </ClCompile>
    <ClCompile Include="ContainsDuplicate.cpp">
      <Filter>Source Files</Filter>
    </ClCompile>
    <ClCompile Include="CombinationSumIII.cpp">
      <Filter>Source Files</Filter>
    </ClCompile>
    <ClCompile Include="FindtheDuplicateNumber.cpp">
      <Filter>Source Files</Filter>
    </ClCompile>
    <ClCompile Include="SubarraySumEqualsK.cpp">
      <Filter>Source Files</Filter>
    </ClCompile>
    <ClCompile Include="BestTimetoBuyandSellStock.cpp">
      <Filter>Source Files</Filter>
    </ClCompile>
    <ClCompile Include="UniquePaths.cpp">
      <Filter>Source Files</Filter>
    </ClCompile>
    <ClCompile Include="TaskScheduler.cpp">
      <Filter>Source Files</Filter>
    </ClCompile>
    <ClCompile Include="Subsets.cpp">
      <Filter>Source Files</Filter>
    </ClCompile>
    <ClCompile Include="SearchInsertPosition.cpp">
      <Filter>Source Files</Filter>
    </ClCompile>
    <ClCompile Include="FindMinimuminRotatedSortedArray.cpp">
      <Filter>Source Files</Filter>
    </ClCompile>
    <ClCompile Include="MaximumSubarray.cpp">
      <Filter>Source Files</Filter>
    </ClCompile>
    <ClCompile Include="SpiralMatrixII.cpp">
      <Filter>Source Files</Filter>
    </ClCompile>
    <ClCompile Include="SpiralMatrix.cpp">
      <Filter>Source Files</Filter>
    </ClCompile>
    <ClCompile Include="ValidTriangleNumber.cpp">
      <Filter>Source Files</Filter>
    </ClCompile>
    <ClCompile Include="RotateImage.cpp">
      <Filter>Source Files</Filter>
    </ClCompile>
    <ClCompile Include="PlusOne.cpp">
      <Filter>Source Files</Filter>
    </ClCompile>
    <ClCompile Include="MinimumPathSum.cpp">
      <Filter>Source Files</Filter>
    </ClCompile>
    <ClCompile Include="PascalTriangle.cpp">
      <Filter>Source Files</Filter>
    </ClCompile>
    <ClCompile Include="RemoveElement.cpp">
      <Filter>Source Files</Filter>
    </ClCompile>
    <ClCompile Include="InsertDeleteGetRandomO(1).cpp">
      <Filter>Source Files</Filter>
    </ClCompile>
    <ClCompile Include="CombinationSum.cpp">
      <Filter>Source Files</Filter>
    </ClCompile>
    <ClCompile Include="SortColors.cpp">
      <Filter>Source Files</Filter>
    </ClCompile>
    <ClCompile Include="FindPeakElement.cpp">
      <Filter>Source Files</Filter>
    </ClCompile>
    <ClCompile Include="FindMinimuminRotatedSortedArrayII.cpp">
      <Filter>Source Files</Filter>
    </ClCompile>
    <ClCompile Include="PascalTriangleII.cpp">
      <Filter>Source Files</Filter>
    </ClCompile>
    <ClCompile Include="LongestConsecutiveSequence.cpp">
      <Filter>Source Files</Filter>
    </ClCompile>
    <ClCompile Include="RemoveDuplicatesfromSortedArray.cpp">
      <Filter>Source Files</Filter>
    </ClCompile>
    <ClCompile Include="GameofLife.cpp">
      <Filter>Source Files</Filter>
    </ClCompile>
    <ClCompile Include="SetMatrixZeroes.cpp">
      <Filter>Source Files</Filter>
    </ClCompile>
    <ClCompile Include="ContainerWithMostWater.cpp">
      <Filter>Source Files</Filter>
    </ClCompile>
    <ClCompile Include="TrappingRainWater.cpp">
      <Filter>Source Files</Filter>
    </ClCompile>
    <ClCompile Include="RemoveDuplicatesfromSortedArrayII.cpp">
      <Filter>Source Files</Filter>
    </ClCompile>
    <ClCompile Include="SubsetsII.cpp">
      <Filter>Source Files</Filter>
    </ClCompile>
    <ClCompile Include="Searcha2DMatrix.cpp">
      <Filter>Source Files</Filter>
    </ClCompile>
    <ClCompile Include="CombinationSumII.cpp">
      <Filter>Source Files</Filter>
    </ClCompile>
    <ClCompile Include="SearchinRotatedSortedArray.cpp">
      <Filter>Source Files</Filter>
    </ClCompile>
    <ClCompile Include="SearchinRotatedSortedArrayII.cpp">
      <Filter>Source Files</Filter>
    </ClCompile>
    <ClCompile Include="ContainsDuplicateII.cpp">
      <Filter>Source Files</Filter>
    </ClCompile>
    <ClCompile Include="ConstructBinaryTreefromInorderandPostorderTraversal.cpp">
      <Filter>Source Files</Filter>
    </ClCompile>
    <ClCompile Include="ConstructBinaryTreefromPreorderandInorderTraversal.cpp">
      <Filter>Source Files</Filter>
    </ClCompile>
    <ClCompile Include="MergeSortedArray.cpp">
      <Filter>Source Files</Filter>
    </ClCompile>
    <ClCompile Include="UniquePathsII.cpp">
      <Filter>Source Files</Filter>
    </ClCompile>
    <ClCompile Include="SearchforaRange.cpp">
      <Filter>Source Files</Filter>
    </ClCompile>
    <ClCompile Include="3SumClosest.cpp">
      <Filter>Source Files</Filter>
    </ClCompile>
    <ClCompile Include="MinimumSizeSubarraySum.cpp">
      <Filter>Source Files</Filter>
    </ClCompile>
    <ClCompile Include="CanPlaceFlowers.cpp">
      <Filter>Source Files</Filter>
    </ClCompile>
    <ClCompile Include="MergeIntervals.cpp">
      <Filter>Source Files</Filter>
    </ClCompile>
    <ClCompile Include="ShortestUnsortedContinuousSubarray.cpp">
      <Filter>Source Files</Filter>
    </ClCompile>
    <ClCompile Include="JumpGame.cpp">
      <Filter>Source Files</Filter>
    </ClCompile>
    <ClCompile Include="SummaryRanges.cpp">
      <Filter>Source Files</Filter>
    </ClCompile>
    <ClCompile Include="BestTimetoBuyandSellStockIII.cpp">
      <Filter>Source Files</Filter>
    </ClCompile>
    <ClCompile Include="NextPermutation.cpp">
      <Filter>Source Files</Filter>
    </ClCompile>
    <ClCompile Include="MajorityElementII.cpp">
      <Filter>Source Files</Filter>
    </ClCompile>
    <ClCompile Include="K-diffPairsinanArray.cpp">
      <Filter>Source Files</Filter>
    </ClCompile>
    <ClCompile Include="ThirdMaximumNumber.cpp">
      <Filter>Source Files</Filter>
    </ClCompile>
    <ClCompile Include="MaximalRectangle.cpp">
      <Filter>Source Files</Filter>
    </ClCompile>
    <ClCompile Include="InsertInterval.cpp">
      <Filter>Source Files</Filter>
    </ClCompile>
    <ClCompile Include="4Sum.cpp">
      <Filter>Source Files</Filter>
    </ClCompile>
    <ClCompile Include="WordSearch.cpp">
      <Filter>Source Files</Filter>
    </ClCompile>
    <ClCompile Include="LargestRectangleinHistogram.cpp">
      <Filter>Source Files</Filter>
    </ClCompile>
    <ClCompile Include="JumpGameII.cpp">
      <Filter>Source Files</Filter>
    </ClCompile>
    <ClCompile Include="FirstMissingPositive.cpp">
      <Filter>Source Files</Filter>
    </ClCompile>
    <ClCompile Include="MaximumProductSubarray.cpp">
      <Filter>Source Files</Filter>
    </ClCompile>
    <ClCompile Include="RotateArray.cpp">
      <Filter>Source Files</Filter>
    </ClCompile>
    <ClCompile Include="3Sum.cpp">
      <Filter>Source Files</Filter>
    </ClCompile>
    <ClCompile Include="MaximumAverageSubarrayII.cpp">
      <Filter>Source Files</Filter>
    </ClCompile>
    <ClCompile Include="MedianofTwoSortedArrays.cpp">
      <Filter>Source Files</Filter>
    </ClCompile>
    <ClCompile Include="WordLadderII.cpp">
      <Filter>Source Files</Filter>
    </ClCompile>
    <ClCompile Include="2KeysKeyboard.cpp">
      <Filter>Source Files</Filter>
    </ClCompile>
    <ClCompile Include="4KeysKeyboard.cpp">
      <Filter>Source Files</Filter>
    </ClCompile>
    <ClCompile Include="ArithmeticSlices.cpp">
      <Filter>Source Files</Filter>
    </ClCompile>
    <ClCompile Include="BurstBalloons.cpp">
      <Filter>Source Files</Filter>
    </ClCompile>
    <ClCompile Include="CombinationSumIV.cpp">
      <Filter>Source Files</Filter>
    </ClCompile>
    <ClCompile Include="CountNumberswithUniqueDigits.cpp">
      <Filter>Source Files</Filter>
    </ClCompile>
    <ClCompile Include="IntegerBreak.cpp">
      <Filter>Source Files</Filter>
    </ClCompile>
    <ClCompile Include="IsSubsequence.cpp">
      <Filter>Source Files</Filter>
    </ClCompile>
    <ClCompile Include="LongestPalindromicSubsequence.cpp">
      <Filter>Source Files</Filter>
    </ClCompile>
    <ClCompile Include="MaximumLengthofPairChain.cpp">
      <Filter>Source Files</Filter>
    </ClCompile>
    <ClCompile Include="PalindromicSubstrings.cpp">
      <Filter>Source Files</Filter>
    </ClCompile>
    <ClCompile Include="PredicttheWinner.cpp">
      <Filter>Source Files</Filter>
    </ClCompile>
    <ClCompile Include="TargetSum.cpp">
      <Filter>Source Files</Filter>
    </ClCompile>
    <ClCompile Include="In1.cpp">
      <Filter>Source Files</Filter>
    </ClCompile>
  </ItemGroup>
</Project>